{
  "name": "childrens-drawing-analysis-emergency",
  "version": "3.0.0",
  "lockfileVersion": 3,
  "requires": true,
  "packages": {
    "": {
      "name": "childrens-drawing-analysis-emergency",
      "version": "3.0.0",
      "license": "MIT",
      "engines": {
        "node": ">=12.0.0"
      }
    }
  }
}
